// !$*UTF8*$!
{
	archiveVersion = 1;
	classes = {
	};
	objectVersion = 46;
	objects = {

/* Begin PBXBuildFile section */
		F4A83E3B1BF6DD84006E4B3E /* main.m in Sources */ = {isa = PBXBuildFile; fileRef = F4A83E3A1BF6DD84006E4B3E /* main.m */; };
		F4A83E3E1BF6DD84006E4B3E /* AppDelegate.m in Sources */ = {isa = PBXBuildFile; fileRef = F4A83E3D1BF6DD84006E4B3E /* AppDelegate.m */; };
		F4A83E411BF6DD84006E4B3E /* ViewController.m in Sources */ = {isa = PBXBuildFile; fileRef = F4A83E401BF6DD84006E4B3E /* ViewController.m */; };
		F4A83E441BF6DD84006E4B3E /* Main.storyboard in Resources */ = {isa = PBXBuildFile; fileRef = F4A83E421BF6DD84006E4B3E /* Main.storyboard */; };
		F4A83E461BF6DD84006E4B3E /* Assets.xcassets in Resources */ = {isa = PBXBuildFile; fileRef = F4A83E451BF6DD84006E4B3E /* Assets.xcassets */; };
		F4A83E491BF6DD84006E4B3E /* LaunchScreen.storyboard in Resources */ = {isa = PBXBuildFile; fileRef = F4A83E471BF6DD84006E4B3E /* LaunchScreen.storyboard */; };
		F4A83E541BF6DD84006E4B3E /* QuickPasswordTests.m in Sources */ = {isa = PBXBuildFile; fileRef = F4A83E531BF6DD84006E4B3E /* QuickPasswordTests.m */; };
		F4A83E5F1BF6DD84006E4B3E /* QuickPasswordUITests.m in Sources */ = {isa = PBXBuildFile; fileRef = F4A83E5E1BF6DD84006E4B3E /* QuickPasswordUITests.m */; };
/* End PBXBuildFile section */

/* Begin PBXContainerItemProxy section */
		F4A83E501BF6DD84006E4B3E /* PBXContainerItemProxy */ = {
			isa = PBXContainerItemProxy;
			containerPortal = F4A83E2E1BF6DD84006E4B3E /* Project object */;
			proxyType = 1;
			remoteGlobalIDString = F4A83E351BF6DD84006E4B3E;
			remoteInfo = QuickPassword;
		};
		F4A83E5B1BF6DD84006E4B3E /* PBXContainerItemProxy */ = {
			isa = PBXContainerItemProxy;
			containerPortal = F4A83E2E1BF6DD84006E4B3E /* Project object */;
			proxyType = 1;
			remoteGlobalIDString = F4A83E351BF6DD84006E4B3E;
			remoteInfo = QuickPassword;
		};
/* End PBXContainerItemProxy section */

/* Begin PBXFileReference section */
		F4A83E361BF6DD84006E4B3E /* QuickPassword.app */ = {isa = PBXFileReference; explicitFileType = wrapper.application; includeInIndex = 0; path = QuickPassword.app; sourceTree = BUILT_PRODUCTS_DIR; };
		F4A83E3A1BF6DD84006E4B3E /* main.m */ = {isa = PBXFileReference; lastKnownFileType = sourcecode.c.objc; path = main.m; sourceTree = "<group>"; };
		F4A83E3C1BF6DD84006E4B3E /* AppDelegate.h */ = {isa = PBXFileReference; lastKnownFileType = sourcecode.c.h; path = AppDelegate.h; sourceTree = "<group>"; };
		F4A83E3D1BF6DD84006E4B3E /* AppDelegate.m */ = {isa = PBXFileReference; lastKnownFileType = sourcecode.c.objc; path = AppDelegate.m; sourceTree = "<group>"; };
		F4A83E3F1BF6DD84006E4B3E /* ViewController.h */ = {isa = PBXFileReference; lastKnownFileType = sourcecode.c.h; path = ViewController.h; sourceTree = "<group>"; };
		F4A83E401BF6DD84006E4B3E /* ViewController.m */ = {isa = PBXFileReference; lastKnownFileType = sourcecode.c.objc; path = ViewController.m; sourceTree = "<group>"; };
		F4A83E431BF6DD84006E4B3E /* Base */ = {isa = PBXFileReference; lastKnownFileType = file.storyboard; name = Base; path = Base.lproj/Main.storyboard; sourceTree = "<group>"; };
		F4A83E451BF6DD84006E4B3E /* Assets.xcassets */ = {isa = PBXFileReference; lastKnownFileType = folder.assetcatalog; path = Assets.xcassets; sourceTree = "<group>"; };
		F4A83E481BF6DD84006E4B3E /* Base */ = {isa = PBXFileReference; lastKnownFileType = file.storyboard; name = Base; path = Base.lproj/LaunchScreen.storyboard; sourceTree = "<group>"; };
		F4A83E4A1BF6DD84006E4B3E /* Info.plist */ = {isa = PBXFileReference; lastKnownFileType = text.plist.xml; path = Info.plist; sourceTree = "<group>"; };
		F4A83E4F1BF6DD84006E4B3E /* QuickPasswordTests.xctest */ = {isa = PBXFileReference; explicitFileType = wrapper.cfbundle; includeInIndex = 0; path = QuickPasswordTests.xctest; sourceTree = BUILT_PRODUCTS_DIR; };
		F4A83E531BF6DD84006E4B3E /* QuickPasswordTests.m */ = {isa = PBXFileReference; lastKnownFileType = sourcecode.c.objc; path = QuickPasswordTests.m; sourceTree = "<group>"; };
		F4A83E551BF6DD84006E4B3E /* Info.plist */ = {isa = PBXFileReference; lastKnownFileType = text.plist.xml; path = Info.plist; sourceTree = "<group>"; };
		F4A83E5A1BF6DD84006E4B3E /* QuickPasswordUITests.xctest */ = {isa = PBXFileReference; explicitFileType = wrapper.cfbundle; includeInIndex = 0; path = QuickPasswordUITests.xctest; sourceTree = BUILT_PRODUCTS_DIR; };
		F4A83E5E1BF6DD84006E4B3E /* QuickPasswordUITests.m */ = {isa = PBXFileReference; lastKnownFileType = sourcecode.c.objc; path = QuickPasswordUITests.m; sourceTree = "<group>"; };
		F4A83E601BF6DD84006E4B3E /* Info.plist */ = {isa = PBXFileReference; lastKnownFileType = text.plist.xml; path = Info.plist; sourceTree = "<group>"; };
/* End PBXFileReference section */

/* Begin PBXFrameworksBuildPhase section */
		F4A83E331BF6DD84006E4B3E /* Frameworks */ = {
			isa = PBXFrameworksBuildPhase;
			buildActionMask = 2147483647;
			files = (
			);
			runOnlyForDeploymentPostprocessing = 0;
		};
		F4A83E4C1BF6DD84006E4B3E /* Frameworks */ = {
			isa = PBXFrameworksBuildPhase;
			buildActionMask = 2147483647;
			files = (
			);
			runOnlyForDeploymentPostprocessing = 0;
		};
		F4A83E571BF6DD84006E4B3E /* Frameworks */ = {
			isa = PBXFrameworksBuildPhase;
			buildActionMask = 2147483647;
			files = (
			);
			runOnlyForDeploymentPostprocessing = 0;
		};
/* End PBXFrameworksBuildPhase section */

/* Begin PBXGroup section */
		F4A83E2D1BF6DD84006E4B3E = {
			isa = PBXGroup;
			children = (
				F4A83E381BF6DD84006E4B3E /* QuickPassword */,
				F4A83E521BF6DD84006E4B3E /* QuickPasswordTests */,
				F4A83E5D1BF6DD84006E4B3E /* QuickPasswordUITests */,
				F4A83E371BF6DD84006E4B3E /* Products */,
			);
			sourceTree = "<group>";
		};
		F4A83E371BF6DD84006E4B3E /* Products */ = {
			isa = PBXGroup;
			children = (
				F4A83E361BF6DD84006E4B3E /* QuickPassword.app */,
				F4A83E4F1BF6DD84006E4B3E /* QuickPasswordTests.xctest */,
				F4A83E5A1BF6DD84006E4B3E /* QuickPasswordUITests.xctest */,
			);
			name = Products;
			sourceTree = "<group>";
		};
		F4A83E381BF6DD84006E4B3E /* QuickPassword */ = {
			isa = PBXGroup;
			children = (
				F4A83E3C1BF6DD84006E4B3E /* AppDelegate.h */,
				F4A83E3D1BF6DD84006E4B3E /* AppDelegate.m */,
				F4A83E3F1BF6DD84006E4B3E /* ViewController.h */,
				F4A83E401BF6DD84006E4B3E /* ViewController.m */,
				F4A83E421BF6DD84006E4B3E /* Main.storyboard */,
				F4A83E451BF6DD84006E4B3E /* Assets.xcassets */,
				F4A83E471BF6DD84006E4B3E /* LaunchScreen.storyboard */,
				F4A83E4A1BF6DD84006E4B3E /* Info.plist */,
				F4A83E391BF6DD84006E4B3E /* Supporting Files */,
			);
			path = QuickPassword;
			sourceTree = "<group>";
		};
		F4A83E391BF6DD84006E4B3E /* Supporting Files */ = {
			isa = PBXGroup;
			children = (
				F4A83E3A1BF6DD84006E4B3E /* main.m */,
			);
			name = "Supporting Files";
			sourceTree = "<group>";
		};
		F4A83E521BF6DD84006E4B3E /* QuickPasswordTests */ = {
			isa = PBXGroup;
			children = (
				F4A83E531BF6DD84006E4B3E /* QuickPasswordTests.m */,
				F4A83E551BF6DD84006E4B3E /* Info.plist */,
			);
			path = QuickPasswordTests;
			sourceTree = "<group>";
		};
		F4A83E5D1BF6DD84006E4B3E /* QuickPasswordUITests */ = {
			isa = PBXGroup;
			children = (
				F4A83E5E1BF6DD84006E4B3E /* QuickPasswordUITests.m */,
				F4A83E601BF6DD84006E4B3E /* Info.plist */,
			);
			path = QuickPasswordUITests;
			sourceTree = "<group>";
		};
/* End PBXGroup section */

/* Begin PBXNativeTarget section */
		F4A83E351BF6DD84006E4B3E /* QuickPassword */ = {
			isa = PBXNativeTarget;
			buildConfigurationList = F4A83E631BF6DD84006E4B3E /* Build configuration list for PBXNativeTarget "QuickPassword" */;
			buildPhases = (
				F4A83E321BF6DD84006E4B3E /* Sources */,
				F4A83E331BF6DD84006E4B3E /* Frameworks */,
				F4A83E341BF6DD84006E4B3E /* Resources */,
			);
			buildRules = (
			);
			dependencies = (
			);
			name = QuickPassword;
			productName = QuickPassword;
			productReference = F4A83E361BF6DD84006E4B3E /* QuickPassword.app */;
			productType = "com.apple.product-type.application";
		};
		F4A83E4E1BF6DD84006E4B3E /* QuickPasswordTests */ = {
			isa = PBXNativeTarget;
			buildConfigurationList = F4A83E661BF6DD84006E4B3E /* Build configuration list for PBXNativeTarget "QuickPasswordTests" */;
			buildPhases = (
				F4A83E4B1BF6DD84006E4B3E /* Sources */,
				F4A83E4C1BF6DD84006E4B3E /* Frameworks */,
				F4A83E4D1BF6DD84006E4B3E /* Resources */,
			);
			buildRules = (
			);
			dependencies = (
				F4A83E511BF6DD84006E4B3E /* PBXTargetDependency */,
			);
			name = QuickPasswordTests;
			productName = QuickPasswordTests;
			productReference = F4A83E4F1BF6DD84006E4B3E /* QuickPasswordTests.xctest */;
			productType = "com.apple.product-type.bundle.unit-test";
		};
		F4A83E591BF6DD84006E4B3E /* QuickPasswordUITests */ = {
			isa = PBXNativeTarget;
			buildConfigurationList = F4A83E691BF6DD84006E4B3E /* Build configuration list for PBXNativeTarget "QuickPasswordUITests" */;
			buildPhases = (
				F4A83E561BF6DD84006E4B3E /* Sources */,
				F4A83E571BF6DD84006E4B3E /* Frameworks */,
				F4A83E581BF6DD84006E4B3E /* Resources */,
			);
			buildRules = (
			);
			dependencies = (
				F4A83E5C1BF6DD84006E4B3E /* PBXTargetDependency */,
			);
			name = QuickPasswordUITests;
			productName = QuickPasswordUITests;
			productReference = F4A83E5A1BF6DD84006E4B3E /* QuickPasswordUITests.xctest */;
			productType = "com.apple.product-type.bundle.ui-testing";
		};
/* End PBXNativeTarget section */

/* Begin PBXProject section */
		F4A83E2E1BF6DD84006E4B3E /* Project object */ = {
			isa = PBXProject;
			attributes = {
				LastUpgradeCheck = 0700;
				ORGANIZATIONNAME = "code4ape-individual";
				TargetAttributes = {
					F4A83E351BF6DD84006E4B3E = {
						CreatedOnToolsVersion = 7.0.1;
					};
					F4A83E4E1BF6DD84006E4B3E = {
						CreatedOnToolsVersion = 7.0.1;
						TestTargetID = F4A83E351BF6DD84006E4B3E;
					};
					F4A83E591BF6DD84006E4B3E = {
						CreatedOnToolsVersion = 7.0.1;
						TestTargetID = F4A83E351BF6DD84006E4B3E;
					};
				};
			};
			buildConfigurationList = F4A83E311BF6DD84006E4B3E /* Build configuration list for PBXProject "QuickPassword" */;
			compatibilityVersion = "Xcode 3.2";
			developmentRegion = English;
			hasScannedForEncodings = 0;
			knownRegions = (
				en,
				Base,
			);
			mainGroup = F4A83E2D1BF6DD84006E4B3E;
			productRefGroup = F4A83E371BF6DD84006E4B3E /* Products */;
			projectDirPath = "";
			projectRoot = "";
			targets = (
				F4A83E351BF6DD84006E4B3E /* QuickPassword */,
				F4A83E4E1BF6DD84006E4B3E /* QuickPasswordTests */,
				F4A83E591BF6DD84006E4B3E /* QuickPasswordUITests */,
			);
		};
/* End PBXProject section */

/* Begin PBXResourcesBuildPhase section */
		F4A83E341BF6DD84006E4B3E /* Resources */ = {
			isa = PBXResourcesBuildPhase;
			buildActionMask = 2147483647;
			files = (
				F4A83E491BF6DD84006E4B3E /* LaunchScreen.storyboard in Resources */,
				F4A83E461BF6DD84006E4B3E /* Assets.xcassets in Resources */,
				F4A83E441BF6DD84006E4B3E /* Main.storyboard in Resources */,
			);
			runOnlyForDeploymentPostprocessing = 0;
		};
		F4A83E4D1BF6DD84006E4B3E /* Resources */ = {
			isa = PBXResourcesBuildPhase;
			buildActionMask = 2147483647;
			files = (
			);
			runOnlyForDeploymentPostprocessing = 0;
		};
		F4A83E581BF6DD84006E4B3E /* Resources */ = {
			isa = PBXResourcesBuildPhase;
			buildActionMask = 2147483647;
			files = (
			);
			runOnlyForDeploymentPostprocessing = 0;
		};
/* End PBXResourcesBuildPhase section */

/* Begin PBXSourcesBuildPhase section */
		F4A83E321BF6DD84006E4B3E /* Sources */ = {
			isa = PBXSourcesBuildPhase;
			buildActionMask = 2147483647;
			files = (
				F4A83E411BF6DD84006E4B3E /* ViewController.m in Sources */,
				F4A83E3E1BF6DD84006E4B3E /* AppDelegate.m in Sources */,
				F4A83E3B1BF6DD84006E4B3E /* main.m in Sources */,
			);
			runOnlyForDeploymentPostprocessing = 0;
		};
		F4A83E4B1BF6DD84006E4B3E /* Sources */ = {
			isa = PBXSourcesBuildPhase;
			buildActionMask = 2147483647;
			files = (
				F4A83E541BF6DD84006E4B3E /* QuickPasswordTests.m in Sources */,
			);
			runOnlyForDeploymentPostprocessing = 0;
		};
		F4A83E561BF6DD84006E4B3E /* Sources */ = {
			isa = PBXSourcesBuildPhase;
			buildActionMask = 2147483647;
			files = (
				F4A83E5F1BF6DD84006E4B3E /* QuickPasswordUITests.m in Sources */,
			);
			runOnlyForDeploymentPostprocessing = 0;
		};
/* End PBXSourcesBuildPhase section */

/* Begin PBXTargetDependency section */
		F4A83E511BF6DD84006E4B3E /* PBXTargetDependency */ = {
			isa = PBXTargetDependency;
			target = F4A83E351BF6DD84006E4B3E /* QuickPassword */;
			targetProxy = F4A83E501BF6DD84006E4B3E /* PBXContainerItemProxy */;
		};
		F4A83E5C1BF6DD84006E4B3E /* PBXTargetDependency */ = {
			isa = PBXTargetDependency;
			target = F4A83E351BF6DD84006E4B3E /* QuickPassword */;
			targetProxy = F4A83E5B1BF6DD84006E4B3E /* PBXContainerItemProxy */;
		};
/* End PBXTargetDependency section */

/* Begin PBXVariantGroup section */
		F4A83E421BF6DD84006E4B3E /* Main.storyboard */ = {
			isa = PBXVariantGroup;
			children = (
				F4A83E431BF6DD84006E4B3E /* Base */,
			);
			name = Main.storyboard;
			sourceTree = "<group>";
		};
		F4A83E471BF6DD84006E4B3E /* LaunchScreen.storyboard */ = {
			isa = PBXVariantGroup;
			children = (
				F4A83E481BF6DD84006E4B3E /* Base */,
			);
			name = LaunchScreen.storyboard;
			sourceTree = "<group>";
		};
/* End PBXVariantGroup section */

/* Begin XCBuildConfiguration section */
		F4A83E611BF6DD84006E4B3E /* Debug */ = {
			isa = XCBuildConfiguration;
			buildSettings = {
				ALWAYS_SEARCH_USER_PATHS = NO;
				CLANG_CXX_LANGUAGE_STANDARD = "gnu++0x";
				CLANG_CXX_LIBRARY = "libc++";
				CLANG_ENABLE_MODULES = YES;
				CLANG_ENABLE_OBJC_ARC = YES;
				CLANG_WARN_BOOL_CONVERSION = YES;
				CLANG_WARN_CONSTANT_CONVERSION = YES;
				CLANG_WARN_DIRECT_OBJC_ISA_USAGE = YES_ERROR;
				CLANG_WARN_EMPTY_BODY = YES;
				CLANG_WARN_ENUM_CONVERSION = YES;
				CLANG_WARN_INT_CONVERSION = YES;
				CLANG_WARN_OBJC_ROOT_CLASS = YES_ERROR;
				CLANG_WARN_UNREACHABLE_CODE = YES;
				CLANG_WARN__DUPLICATE_METHOD_MATCH = YES;
				"CODE_SIGN_IDENTITY[sdk=iphoneos*]" = "iPhone Developer";
				COPY_PHASE_STRIP = NO;
				DEBUG_INFORMATION_FORMAT = dwarf;
				ENABLE_STRICT_OBJC_MSGSEND = YES;
				ENABLE_TESTABILITY = YES;
				GCC_C_LANGUAGE_STANDARD = gnu99;
				GCC_DYNAMIC_NO_PIC = NO;
				GCC_NO_COMMON_BLOCKS = YES;
				GCC_OPTIMIZATION_LEVEL = 0;
				GCC_PREPROCESSOR_DEFINITIONS = (
					"DEBUG=1",
					"$(inherited)",
				);
				GCC_WARN_64_TO_32_BIT_CONVERSION = YES;
				GCC_WARN_ABOUT_RETURN_TYPE = YES_ERROR;
				GCC_WARN_UNDECLARED_SELECTOR = YES;
				GCC_WARN_UNINITIALIZED_AUTOS = YES_AGGRESSIVE;
				GCC_WARN_UNUSED_FUNCTION = YES;
				GCC_WARN_UNUSED_VARIABLE = YES;
				IPHONEOS_DEPLOYMENT_TARGET = 9.0;
				MTL_ENABLE_DEBUG_INFO = YES;
				ONLY_ACTIVE_ARCH = YES;
				SDKROOT = iphoneos;
			};
			name = Debug;
		};
		F4A83E621BF6DD84006E4B3E /* Release */ = {
			isa = XCBuildConfiguration;
			buildSettings = {
				ALWAYS_SEARCH_USER_PATHS = NO;
				CLANG_CXX_LANGUAGE_STANDARD = "gnu++0x";
				CLANG_CXX_LIBRARY = "libc++";
				CLANG_ENABLE_MODULES = YES;
				CLANG_ENABLE_OBJC_ARC = YES;
				CLANG_WARN_BOOL_CONVERSION = YES;
				CLANG_WARN_CONSTANT_CONVERSION = YES;
				CLANG_WARN_DIRECT_OBJC_ISA_USAGE = YES_ERROR;
				CLANG_WARN_EMPTY_BODY = YES;
				CLANG_WARN_ENUM_CONVERSION = YES;
				CLANG_WARN_INT_CONVERSION = YES;
				CLANG_WARN_OBJC_ROOT_CLASS = YES_ERROR;
				CLANG_WARN_UNREACHABLE_CODE = YES;
				CLANG_WARN__DUPLICATE_METHOD_MATCH = YES;
				"CODE_SIGN_IDENTITY[sdk=iphoneos*]" = "iPhone Developer";
				COPY_PHASE_STRIP = NO;
				DEBUG_INFORMATION_FORMAT = "dwarf-with-dsym";
				ENABLE_NS_ASSERTIONS = NO;
				ENABLE_STRICT_OBJC_MSGSEND = YES;
				GCC_C_LANGUAGE_STANDARD = gnu99;
				GCC_NO_COMMON_BLOCKS = YES;
				GCC_WARN_64_TO_32_BIT_CONVERSION = YES;
				GCC_WARN_ABOUT_RETURN_TYPE = YES_ERROR;
				GCC_WARN_UNDECLARED_SELECTOR = YES;
				GCC_WARN_UNINITIALIZED_AUTOS = YES_AGGRESSIVE;
				GCC_WARN_UNUSED_FUNCTION = YES;
				GCC_WARN_UNUSED_VARIABLE = YES;
				IPHONEOS_DEPLOYMENT_TARGET = 9.0;
				MTL_ENABLE_DEBUG_INFO = NO;
				SDKROOT = iphoneos;
				VALIDATE_PRODUCT = YES;
			};
			name = Release;
		};
		F4A83E641BF6DD84006E4B3E /* Debug */ = {
			isa = XCBuildConfiguration;
			buildSettings = {
				ASSETCATALOG_COMPILER_APPICON_NAME = AppIcon;
				INFOPLIST_FILE = QuickPassword/Info.plist;
				LD_RUNPATH_SEARCH_PATHS = "$(inherited) @executable_path/Frameworks";
				PRODUCT_BUNDLE_IDENTIFIER = cn.code4ape.QuickPassword;
				PRODUCT_NAME = "$(TARGET_NAME)";
			};
			name = Debug;
		};
		F4A83E651BF6DD84006E4B3E /* Release */ = {
			isa = XCBuildConfiguration;
			buildSettings = {
				ASSETCATALOG_COMPILER_APPICON_NAME = AppIcon;
				INFOPLIST_FILE = QuickPassword/Info.plist;
				LD_RUNPATH_SEARCH_PATHS = "$(inherited) @executable_path/Frameworks";
				PRODUCT_BUNDLE_IDENTIFIER = cn.code4ape.QuickPassword;
				PRODUCT_NAME = "$(TARGET_NAME)";
			};
			name = Release;
		};
		F4A83E671BF6DD84006E4B3E /* Debug */ = {
			isa = XCBuildConfiguration;
			buildSettings = {
				BUNDLE_LOADER = "$(TEST_HOST)";
				INFOPLIST_FILE = QuickPasswordTests/Info.plist;
				LD_RUNPATH_SEARCH_PATHS = "$(inherited) @executable_path/Frameworks @loader_path/Frameworks";
				PRODUCT_BUNDLE_IDENTIFIER = cn.code4ape.QuickPasswordTests;
				PRODUCT_NAME = "$(TARGET_NAME)";
				TEST_HOST = "$(BUILT_PRODUCTS_DIR)/QuickPassword.app/QuickPassword";
			};
			name = Debug;
		};
		F4A83E681BF6DD84006E4B3E /* Release */ = {
			isa = XCBuildConfiguration;
			buildSettings = {
				BUNDLE_LOADER = "$(TEST_HOST)";
				INFOPLIST_FILE = QuickPasswordTests/Info.plist;
				LD_RUNPATH_SEARCH_PATHS = "$(inherited) @executable_path/Frameworks @loader_path/Frameworks";
				PRODUCT_BUNDLE_IDENTIFIER = cn.code4ape.QuickPasswordTests;
				PRODUCT_NAME = "$(TARGET_NAME)";
				TEST_HOST = "$(BUILT_PRODUCTS_DIR)/QuickPassword.app/QuickPassword";
			};
			name = Release;
		};
		F4A83E6A1BF6DD84006E4B3E /* Debug */ = {
			isa = XCBuildConfiguration;
			buildSettings = {
				INFOPLIST_FILE = QuickPasswordUITests/Info.plist;
				LD_RUNPATH_SEARCH_PATHS = "$(inherited) @executable_path/Frameworks @loader_path/Frameworks";
				PRODUCT_BUNDLE_IDENTIFIER = cn.code4ape.QuickPasswordUITests;
				PRODUCT_NAME = "$(TARGET_NAME)";
				TEST_TARGET_NAME = QuickPassword;
				USES_XCTRUNNER = YES;
			};
			name = Debug;
		};
		F4A83E6B1BF6DD84006E4B3E /* Release */ = {
			isa = XCBuildConfiguration;
			buildSettings = {
				INFOPLIST_FILE = QuickPasswordUITests/Info.plist;
				LD_RUNPATH_SEARCH_PATHS = "$(inherited) @executable_path/Frameworks @loader_path/Frameworks";
				PRODUCT_BUNDLE_IDENTIFIER = cn.code4ape.QuickPasswordUITests;
				PRODUCT_NAME = "$(TARGET_NAME)";
				TEST_TARGET_NAME = QuickPassword;
				USES_XCTRUNNER = YES;
			};
			name = Release;
		};
/* End XCBuildConfiguration section */

/* Begin XCConfigurationList section */
		F4A83E311BF6DD84006E4B3E /* Build configuration list for PBXProject "QuickPassword" */ = {
			isa = XCConfigurationList;
			buildConfigurations = (
				F4A83E611BF6DD84006E4B3E /* Debug */,
				F4A83E621BF6DD84006E4B3E /* Release */,
			);
			defaultConfigurationIsVisible = 0;
			defaultConfigurationName = Release;
		};
		F4A83E631BF6DD84006E4B3E /* Build configuration list for PBXNativeTarget "QuickPassword" */ = {
			isa = XCConfigurationList;
			buildConfigurations = (
				F4A83E641BF6DD84006E4B3E /* Debug */,
				F4A83E651BF6DD84006E4B3E /* Release */,
			);
			defaultConfigurationIsVisible = 0;
		};
		F4A83E661BF6DD84006E4B3E /* Build configuration list for PBXNativeTarget "QuickPasswordTests" */ = {
			isa = XCConfigurationList;
			buildConfigurations = (
				F4A83E671BF6DD84006E4B3E /* Debug */,
				F4A83E681BF6DD84006E4B3E /* Release */,
			);
			defaultConfigurationIsVisible = 0;
		};
		F4A83E691BF6DD84006E4B3E /* Build configuration list for PBXNativeTarget "QuickPasswordUITests" */ = {
			isa = XCConfigurationList;
			buildConfigurations = (
				F4A83E6A1BF6DD84006E4B3E /* Debug */,
				F4A83E6B1BF6DD84006E4B3E /* Release */,
			);
			defaultConfigurationIsVisible = 0;
		};
/* End XCConfigurationList section */
	};
	rootObject = F4A83E2E1BF6DD84006E4B3E /* Project object */;
}
